
Microsoft Visual Studio Solution File, Format Version 12.00
# Visual Studio 15
VisualStudioVersion = 15.0.28010.2046
MinimumVisualStudioVersion = 10.0.40219.1
Project("{8BC9CEB8-8B4A-11D0-8D11-00A0C91BC942}") = "DogPuzzle", "DogPuzzle\DogPuzzle.vcxproj", "{6C480E02-6E33-4CD5-8A17-0046318D1399}"
EndProject
Global
	GlobalSection(SolutionConfigurationPlatforms) = preSolution
		Debug|x64 = Debug|x64
		Debug|x86 = Debug|x86
		Release|x64 = Release|x64
		Release|x86 = Release|x86
	EndGlobalSection
	GlobalSection(ProjectConfigurationPlatforms) = postSolution
		{6C480E02-6E33-4CD5-8A17-0046318D1399}.Debug|x64.ActiveCfg = Debug|x64
		{6C480E02-6E33-4CD5-8A17-0046318D1399}.Debug|x64.Build.0 = Debug|x64
		{6C480E02-6E33-4CD5-8A17-0046318D1399}.Debug|x86.ActiveCfg = Debug|Win32
		{6C480E02-6E33-4CD5-8A17-0046318D1399}.Debug|x86.Build.0 = Debug|Win32
		{6C480E02-6E33-4CD5-8A17-0046318D1399}.Release|x64.ActiveCfg = Release|x64
		{6C480E02-6E33-4CD5-8A17-0046318D1399}.Release|x64.Build.0 = Release|x64
		{6C480E02-6E33-4CD5-8A17-0046318D1399}.Release|x86.ActiveCfg = Release|Win32
		{6C480E02-6E33-4CD5-8A17-0046318D1399}.Release|x86.Build.0 = Release|Win32
	EndGlobalSection
	GlobalSection(SolutionProperties) = preSolution
		HideSolutionNode = FALSE
	EndGlobalSection
	GlobalSection(ExtensibilityGlobals) = postSolution
		SolutionGuid = {9414E1D2-E714-4B8E-B1E7-1E6FF8B697DC}
	EndGlobalSection
EndGlobal
